
Microsoft Visual Studio Solution File, Format Version 12.00
# Visual Studio 15
Project("{FAE04EC0-301F-11D3-BF4B-00C04F79EFBC}") = "Assembly-CSharp-Editor", "Assembly-CSharp-Editor.csproj", "{3F2EBE9F-F015-B63B-E3B6-492CCD5FD3EF}"
EndProject
Project("{FAE04EC0-301F-11D3-BF4B-00C04F79EFBC}") = "Assembly-CSharp", "Assembly-CSharp.csproj", "{B1AF3F71-F7F5-69F2-380D-534F1998669C}"
EndProject
Project("{FAE04EC0-301F-11D3-BF4B-00C04F79EFBC}") = "Assembly-CSharp-firstpass", "Assembly-CSharp-firstpass.csproj", "{FE84A785-0783-E792-F648-2B117ABE5360}"
EndProject
Global
	GlobalSection(SolutionConfigurationPlatforms) = preSolution
		Debug|Any CPU = Debug|Any CPU
		Release|Any CPU = Release|Any CPU
	EndGlobalSection
	GlobalSection(ProjectConfigurationPlatforms) = postSolution
		{3F2EBE9F-F015-B63B-E3B6-492CCD5FD3EF}.Debug|Any CPU.ActiveCfg = Debug|Any CPU
		{3F2EBE9F-F015-B63B-E3B6-492CCD5FD3EF}.Debug|Any CPU.Build.0 = Debug|Any CPU
		{3F2EBE9F-F015-B63B-E3B6-492CCD5FD3EF}.Release|Any CPU.ActiveCfg = Release|Any CPU
		{3F2EBE9F-F015-B63B-E3B6-492CCD5FD3EF}.Release|Any CPU.Build.0 = Release|Any CPU
		{B1AF3F71-F7F5-69F2-380D-534F1998669C}.Debug|Any CPU.ActiveCfg = Debug|Any CPU
		{B1AF3F71-F7F5-69F2-380D-534F1998669C}.Debug|Any CPU.Build.0 = Debug|Any CPU
		{B1AF3F71-F7F5-69F2-380D-534F1998669C}.Release|Any CPU.ActiveCfg = Release|Any CPU
		{B1AF3F71-F7F5-69F2-380D-534F1998669C}.Release|Any CPU.Build.0 = Release|Any CPU
		{FE84A785-0783-E792-F648-2B117ABE5360}.Debug|Any CPU.ActiveCfg = Debug|Any CPU
		{FE84A785-0783-E792-F648-2B117ABE5360}.Debug|Any CPU.Build.0 = Debug|Any CPU
		{FE84A785-0783-E792-F648-2B117ABE5360}.Release|Any CPU.ActiveCfg = Release|Any CPU
		{FE84A785-0783-E792-F648-2B117ABE5360}.Release|Any CPU.Build.0 = Release|Any CPU
	EndGlobalSection
	GlobalSection(SolutionProperties) = preSolution
		HideSolutionNode = FALSE
	EndGlobalSection
EndGlobal
